
Microsoft Visual Studio Solution File, Format Version 12.00
# Visual Studio Version 16
VisualStudioVersion = 17.0.31611.283
MinimumVisualStudioVersion = 10.0.40219.1
Project("{9A19103F-16F7-4668-BE54-9A1E7A4F7556}") = "MauiWorkshop", "MauiWorkshop\MauiWorkshop.csproj", "{B07FE59C-B2E5-4491-B1A8-E0754510047A}"
EndProject
Project("{FAE04EC0-301F-11D3-BF4B-00C04F79EFBC}") = "MauiWorkshop.DisneyApi", "MauiWorkshop.DisneyApi\MauiWorkshop.DisneyApi.csproj", "{AD8396CD-7AB9-40DE-AA35-4CC93468EFAF}"
EndProject
Global
	GlobalSection(SolutionConfigurationPlatforms) = preSolution
		Debug|Any CPU = Debug|Any CPU
		Release|Any CPU = Release|Any CPU
	EndGlobalSection
	GlobalSection(ProjectConfigurationPlatforms) = postSolution
		{B07FE59C-B2E5-4491-B1A8-E0754510047A}.Debug|Any CPU.ActiveCfg = Debug|Any CPU
		{B07FE59C-B2E5-4491-B1A8-E0754510047A}.Debug|Any CPU.Build.0 = Debug|Any CPU
		{B07FE59C-B2E5-4491-B1A8-E0754510047A}.Debug|Any CPU.Deploy.0 = Debug|Any CPU
		{B07FE59C-B2E5-4491-B1A8-E0754510047A}.Release|Any CPU.ActiveCfg = Release|Any CPU
		{B07FE59C-B2E5-4491-B1A8-E0754510047A}.Release|Any CPU.Build.0 = Release|Any CPU
		{B07FE59C-B2E5-4491-B1A8-E0754510047A}.Release|Any CPU.Deploy.0 = Release|Any CPU
		{AD8396CD-7AB9-40DE-AA35-4CC93468EFAF}.Debug|Any CPU.ActiveCfg = Debug|Any CPU
		{AD8396CD-7AB9-40DE-AA35-4CC93468EFAF}.Debug|Any CPU.Build.0 = Debug|Any CPU
		{AD8396CD-7AB9-40DE-AA35-4CC93468EFAF}.Release|Any CPU.ActiveCfg = Release|Any CPU
		{AD8396CD-7AB9-40DE-AA35-4CC93468EFAF}.Release|Any CPU.Build.0 = Release|Any CPU
	EndGlobalSection
	GlobalSection(SolutionProperties) = preSolution
		HideSolutionNode = FALSE
	EndGlobalSection
	GlobalSection(ExtensibilityGlobals) = postSolution
		SolutionGuid = {61F7FB11-1E47-470C-91E2-47F8143E1572}
	EndGlobalSection
EndGlobal
